// !$*UTF8*$!
{
	archiveVersion = 1;
	classes = {
	};
	objectVersion = 48;
	objects = {

/* Begin PBXBuildFile section */
		D31ACD511FC39F7400F1D489 /* Assets.xcassets in Resources */ = {isa = PBXBuildFile; fileRef = D31ACD501FC39F7400F1D489 /* Assets.xcassets */; };
		D31ACD541FC39F7400F1D489 /* LaunchScreen.storyboard in Resources */ = {isa = PBXBuildFile; fileRef = D31ACD521FC39F7400F1D489 /* LaunchScreen.storyboard */; };
		D31ACD611FC39F7400F1D489 /* MultiSectionTests.m in Sources */ = {isa = PBXBuildFile; fileRef = D31ACD601FC39F7400F1D489 /* MultiSectionTests.m */; };
		D31ACD6C1FC39F7400F1D489 /* MultiSectionUITests.m in Sources */ = {isa = PBXBuildFile; fileRef = D31ACD6B1FC39F7400F1D489 /* MultiSectionUITests.m */; };
		D33B5D911FC45BAE0035780C /* RealmUtility.swift in Sources */ = {isa = PBXBuildFile; fileRef = D33B5D901FC45BAE0035780C /* RealmUtility.swift */; };
		D33B5D931FC4B9B40035780C /* VariedHeightSection.swift in Sources */ = {isa = PBXBuildFile; fileRef = D33B5D921FC4B9B40035780C /* VariedHeightSection.swift */; };
		D33B5D951FC4E25A0035780C /* AllClassesSection.swift in Sources */ = {isa = PBXBuildFile; fileRef = D33B5D941FC4E25A0035780C /* AllClassesSection.swift */; };
		D3DC27F31FC40D0F00A7E81F /* TableSection.swift in Sources */ = {isa = PBXBuildFile; fileRef = D3DC27F21FC40D0F00A7E81F /* TableSection.swift */; };
		D3DC27F51FC4116500A7E81F /* TableSectionCollection.swift in Sources */ = {isa = PBXBuildFile; fileRef = D3DC27F41FC4116500A7E81F /* TableSectionCollection.swift */; };
		D3DC27F91FC425EE00A7E81F /* AddButtonSection.swift in Sources */ = {isa = PBXBuildFile; fileRef = D3DC27F81FC425EE00A7E81F /* AddButtonSection.swift */; };
		D3DC27FB1FC4278300A7E81F /* ViewController.swift in Sources */ = {isa = PBXBuildFile; fileRef = D3DC27FA1FC4278300A7E81F /* ViewController.swift */; };
		D3DC28371FC4326500A7E81F /* AppDelegate.swift in Sources */ = {isa = PBXBuildFile; fileRef = D3DC28361FC4326500A7E81F /* AppDelegate.swift */; };
		D3DC283B1FC4347300A7E81F /* CustomSection.swift in Sources */ = {isa = PBXBuildFile; fileRef = D3DC283A1FC4347300A7E81F /* CustomSection.swift */; };
		D3DC283D1FC4391600A7E81F /* FavoriteGroupsSection.swift in Sources */ = {isa = PBXBuildFile; fileRef = D3DC283C1FC4391600A7E81F /* FavoriteGroupsSection.swift */; };
		D3DC283F1FC4392F00A7E81F /* Group.swift in Sources */ = {isa = PBXBuildFile; fileRef = D3DC283E1FC4392F00A7E81F /* Group.swift */; };
		D3F6A7641FC3A3A5003E5CD0 /* Realm.framework in Frameworks */ = {isa = PBXBuildFile; fileRef = D3F6A7631FC3A3A5003E5CD0 /* Realm.framework */; };
		D3F6A7F81FC40675003E5CD0 /* GroupSection.swift in Sources */ = {isa = PBXBuildFile; fileRef = D3F6A7F71FC40675003E5CD0 /* GroupSection.swift */; };
/* End PBXBuildFile section */

/* Begin PBXContainerItemProxy section */
		D31ACD5D1FC39F7400F1D489 /* PBXContainerItemProxy */ = {
			isa = PBXContainerItemProxy;
			containerPortal = D31ACD3C1FC39F7400F1D489 /* Project object */;
			proxyType = 1;
			remoteGlobalIDString = D31ACD431FC39F7400F1D489;
			remoteInfo = MultiSection;
		};
		D31ACD681FC39F7400F1D489 /* PBXContainerItemProxy */ = {
			isa = PBXContainerItemProxy;
			containerPortal = D31ACD3C1FC39F7400F1D489 /* Project object */;
			proxyType = 1;
			remoteGlobalIDString = D31ACD431FC39F7400F1D489;
			remoteInfo = MultiSection;
		};
/* End PBXContainerItemProxy section */

/* Begin PBXFileReference section */
		D31ACD441FC39F7400F1D489 /* MultiSection.app */ = {isa = PBXFileReference; explicitFileType = wrapper.application; includeInIndex = 0; path = MultiSection.app; sourceTree = BUILT_PRODUCTS_DIR; };
		D31ACD501FC39F7400F1D489 /* Assets.xcassets */ = {isa = PBXFileReference; lastKnownFileType = folder.assetcatalog; path = Assets.xcassets; sourceTree = "<group>"; };
		D31ACD531FC39F7400F1D489 /* Base */ = {isa = PBXFileReference; lastKnownFileType = file.storyboard; name = Base; path = Base.lproj/LaunchScreen.storyboard; sourceTree = "<group>"; };
		D31ACD551FC39F7400F1D489 /* Info.plist */ = {isa = PBXFileReference; lastKnownFileType = text.plist.xml; path = Info.plist; sourceTree = "<group>"; };
		D31ACD5C1FC39F7400F1D489 /* MultiSectionTests.xctest */ = {isa = PBXFileReference; explicitFileType = wrapper.cfbundle; includeInIndex = 0; path = MultiSectionTests.xctest; sourceTree = BUILT_PRODUCTS_DIR; };
		D31ACD601FC39F7400F1D489 /* MultiSectionTests.m */ = {isa = PBXFileReference; lastKnownFileType = sourcecode.c.objc; path = MultiSectionTests.m; sourceTree = "<group>"; };
		D31ACD621FC39F7400F1D489 /* Info.plist */ = {isa = PBXFileReference; lastKnownFileType = text.plist.xml; path = Info.plist; sourceTree = "<group>"; };
		D31ACD671FC39F7400F1D489 /* MultiSectionUITests.xctest */ = {isa = PBXFileReference; explicitFileType = wrapper.cfbundle; includeInIndex = 0; path = MultiSectionUITests.xctest; sourceTree = BUILT_PRODUCTS_DIR; };
		D31ACD6B1FC39F7400F1D489 /* MultiSectionUITests.m */ = {isa = PBXFileReference; lastKnownFileType = sourcecode.c.objc; path = MultiSectionUITests.m; sourceTree = "<group>"; };
		D31ACD6D1FC39F7400F1D489 /* Info.plist */ = {isa = PBXFileReference; lastKnownFileType = text.plist.xml; path = Info.plist; sourceTree = "<group>"; };
		D33B5D901FC45BAE0035780C /* RealmUtility.swift */ = {isa = PBXFileReference; lastKnownFileType = sourcecode.swift; path = RealmUtility.swift; sourceTree = "<group>"; };
		D33B5D921FC4B9B40035780C /* VariedHeightSection.swift */ = {isa = PBXFileReference; lastKnownFileType = sourcecode.swift; path = VariedHeightSection.swift; sourceTree = "<group>"; };
		D33B5D941FC4E25A0035780C /* AllClassesSection.swift */ = {isa = PBXFileReference; lastKnownFileType = sourcecode.swift; path = AllClassesSection.swift; sourceTree = "<group>"; };
		D3DC27F21FC40D0F00A7E81F /* TableSection.swift */ = {isa = PBXFileReference; lastKnownFileType = sourcecode.swift; path = TableSection.swift; sourceTree = "<group>"; };
		D3DC27F41FC4116500A7E81F /* TableSectionCollection.swift */ = {isa = PBXFileReference; lastKnownFileType = sourcecode.swift; path = TableSectionCollection.swift; sourceTree = "<group>"; };
		D3DC27F81FC425EE00A7E81F /* AddButtonSection.swift */ = {isa = PBXFileReference; lastKnownFileType = sourcecode.swift; path = AddButtonSection.swift; sourceTree = "<group>"; };
		D3DC27FA1FC4278300A7E81F /* ViewController.swift */ = {isa = PBXFileReference; lastKnownFileType = sourcecode.swift; path = ViewController.swift; sourceTree = "<group>"; };
		D3DC28361FC4326500A7E81F /* AppDelegate.swift */ = {isa = PBXFileReference; lastKnownFileType = sourcecode.swift; path = AppDelegate.swift; sourceTree = "<group>"; };
		D3DC283A1FC4347300A7E81F /* CustomSection.swift */ = {isa = PBXFileReference; lastKnownFileType = sourcecode.swift; path = CustomSection.swift; sourceTree = "<group>"; };
		D3DC283C1FC4391600A7E81F /* FavoriteGroupsSection.swift */ = {isa = PBXFileReference; lastKnownFileType = sourcecode.swift; path = FavoriteGroupsSection.swift; sourceTree = "<group>"; };
		D3DC283E1FC4392F00A7E81F /* Group.swift */ = {isa = PBXFileReference; lastKnownFileType = sourcecode.swift; path = Group.swift; sourceTree = "<group>"; };
		D3F6A7631FC3A3A5003E5CD0 /* Realm.framework */ = {isa = PBXFileReference; lastKnownFileType = wrapper.framework; name = Realm.framework; path = Carthage/Build/iOS/Realm.framework; sourceTree = "<group>"; };
		D3F6A7F71FC40675003E5CD0 /* GroupSection.swift */ = {isa = PBXFileReference; lastKnownFileType = sourcecode.swift; path = GroupSection.swift; sourceTree = "<group>"; };
/* End PBXFileReference section */

/* Begin PBXFrameworksBuildPhase section */
		D31ACD411FC39F7400F1D489 /* Frameworks */ = {
			isa = PBXFrameworksBuildPhase;
			buildActionMask = 2147483647;
			files = (
				D3F6A7641FC3A3A5003E5CD0 /* Realm.framework in Frameworks */,
			);
			runOnlyForDeploymentPostprocessing = 0;
		};
		D31ACD591FC39F7400F1D489 /* Frameworks */ = {
			isa = PBXFrameworksBuildPhase;
			buildActionMask = 2147483647;
			files = (
			);
			runOnlyForDeploymentPostprocessing = 0;
		};
		D31ACD641FC39F7400F1D489 /* Frameworks */ = {
			isa = PBXFrameworksBuildPhase;
			buildActionMask = 2147483647;
			files = (
			);
			runOnlyForDeploymentPostprocessing = 0;
		};
/* End PBXFrameworksBuildPhase section */

/* Begin PBXGroup section */
		D31ACD3B1FC39F7400F1D489 = {
			isa = PBXGroup;
			children = (
				D31ACD461FC39F7400F1D489 /* MultiSection */,
				D31ACD5F1FC39F7400F1D489 /* MultiSectionTests */,
				D31ACD6A1FC39F7400F1D489 /* MultiSectionUITests */,
				D31ACD451FC39F7400F1D489 /* Products */,
				D3F6A7621FC3A3A5003E5CD0 /* Frameworks */,
			);
			sourceTree = "<group>";
		};
		D31ACD451FC39F7400F1D489 /* Products */ = {
			isa = PBXGroup;
			children = (
				D31ACD441FC39F7400F1D489 /* MultiSection.app */,
				D31ACD5C1FC39F7400F1D489 /* MultiSectionTests.xctest */,
				D31ACD671FC39F7400F1D489 /* MultiSectionUITests.xctest */,
			);
			name = Products;
			sourceTree = "<group>";
		};
		D31ACD461FC39F7400F1D489 /* MultiSection */ = {
			isa = PBXGroup;
			children = (
				D3DC28361FC4326500A7E81F /* AppDelegate.swift */,
				D3DC27FA1FC4278300A7E81F /* ViewController.swift */,
				D3F6A7F71FC40675003E5CD0 /* GroupSection.swift */,
				D33B5D921FC4B9B40035780C /* VariedHeightSection.swift */,
				D3DC283C1FC4391600A7E81F /* FavoriteGroupsSection.swift */,
				D3DC27F81FC425EE00A7E81F /* AddButtonSection.swift */,
				D33B5D941FC4E25A0035780C /* AllClassesSection.swift */,
				D3DC283A1FC4347300A7E81F /* CustomSection.swift */,
				D3DC283E1FC4392F00A7E81F /* Group.swift */,
				D33B5D901FC45BAE0035780C /* RealmUtility.swift */,
				D3DC27F21FC40D0F00A7E81F /* TableSection.swift */,
				D3DC27F41FC4116500A7E81F /* TableSectionCollection.swift */,
				D31ACD501FC39F7400F1D489 /* Assets.xcassets */,
				D31ACD521FC39F7400F1D489 /* LaunchScreen.storyboard */,
				D31ACD551FC39F7400F1D489 /* Info.plist */,
			);
			path = MultiSection;
			sourceTree = "<group>";
		};
		D31ACD5F1FC39F7400F1D489 /* MultiSectionTests */ = {
			isa = PBXGroup;
			children = (
				D31ACD601FC39F7400F1D489 /* MultiSectionTests.m */,
				D31ACD621FC39F7400F1D489 /* Info.plist */,
			);
			path = MultiSectionTests;
			sourceTree = "<group>";
		};
		D31ACD6A1FC39F7400F1D489 /* MultiSectionUITests */ = {
			isa = PBXGroup;
			children = (
				D31ACD6B1FC39F7400F1D489 /* MultiSectionUITests.m */,
				D31ACD6D1FC39F7400F1D489 /* Info.plist */,
			);
			path = MultiSectionUITests;
			sourceTree = "<group>";
		};
		D3F6A7621FC3A3A5003E5CD0 /* Frameworks */ = {
			isa = PBXGroup;
			children = (
				D3F6A7631FC3A3A5003E5CD0 /* Realm.framework */,
			);
			name = Frameworks;
			sourceTree = "<group>";
		};
/* End PBXGroup section */

/* Begin PBXNativeTarget section */
		D31ACD431FC39F7400F1D489 /* MultiSection */ = {
			isa = PBXNativeTarget;
			buildConfigurationList = D31ACD701FC39F7400F1D489 /* Build configuration list for PBXNativeTarget "MultiSection" */;
			buildPhases = (
				D31ACD401FC39F7400F1D489 /* Sources */,
				D31ACD411FC39F7400F1D489 /* Frameworks */,
				D31ACD421FC39F7400F1D489 /* Resources */,
				D3F6A7651FC3A3BC003E5CD0 /* ShellScript */,
			);
			buildRules = (
			);
			dependencies = (
			);
			name = MultiSection;
			productName = MultiSection;
			productReference = D31ACD441FC39F7400F1D489 /* MultiSection.app */;
			productType = "com.apple.product-type.application";
		};
		D31ACD5B1FC39F7400F1D489 /* MultiSectionTests */ = {
			isa = PBXNativeTarget;
			buildConfigurationList = D31ACD731FC39F7400F1D489 /* Build configuration list for PBXNativeTarget "MultiSectionTests" */;
			buildPhases = (
				D31ACD581FC39F7400F1D489 /* Sources */,
				D31ACD591FC39F7400F1D489 /* Frameworks */,
				D31ACD5A1FC39F7400F1D489 /* Resources */,
			);
			buildRules = (
			);
			dependencies = (
				D31ACD5E1FC39F7400F1D489 /* PBXTargetDependency */,
			);
			name = MultiSectionTests;
			productName = MultiSectionTests;
			productReference = D31ACD5C1FC39F7400F1D489 /* MultiSectionTests.xctest */;
			productType = "com.apple.product-type.bundle.unit-test";
		};
		D31ACD661FC39F7400F1D489 /* MultiSectionUITests */ = {
			isa = PBXNativeTarget;
			buildConfigurationList = D31ACD761FC39F7400F1D489 /* Build configuration list for PBXNativeTarget "MultiSectionUITests" */;
			buildPhases = (
				D31ACD631FC39F7400F1D489 /* Sources */,
				D31ACD641FC39F7400F1D489 /* Frameworks */,
				D31ACD651FC39F7400F1D489 /* Resources */,
			);
			buildRules = (
			);
			dependencies = (
				D31ACD691FC39F7400F1D489 /* PBXTargetDependency */,
			);
			name = MultiSectionUITests;
			productName = MultiSectionUITests;
			productReference = D31ACD671FC39F7400F1D489 /* MultiSectionUITests.xctest */;
			productType = "com.apple.product-type.bundle.ui-testing";
		};
/* End PBXNativeTarget section */

/* Begin PBXProject section */
		D31ACD3C1FC39F7400F1D489 /* Project object */ = {
			isa = PBXProject;
			attributes = {
				LastUpgradeCheck = 0920;
				ORGANIZATIONNAME = Phil;
				TargetAttributes = {
					D31ACD431FC39F7400F1D489 = {
						CreatedOnToolsVersion = 9.2;
						LastSwiftMigration = 0920;
						ProvisioningStyle = Automatic;
					};
					D31ACD5B1FC39F7400F1D489 = {
						CreatedOnToolsVersion = 9.2;
						ProvisioningStyle = Automatic;
						TestTargetID = D31ACD431FC39F7400F1D489;
					};
					D31ACD661FC39F7400F1D489 = {
						CreatedOnToolsVersion = 9.2;
						ProvisioningStyle = Automatic;
						TestTargetID = D31ACD431FC39F7400F1D489;
					};
				};
			};
			buildConfigurationList = D31ACD3F1FC39F7400F1D489 /* Build configuration list for PBXProject "MultiSection" */;
			compatibilityVersion = "Xcode 8.0";
			developmentRegion = en;
			hasScannedForEncodings = 0;
			knownRegions = (
				en,
				Base,
			);
			mainGroup = D31ACD3B1FC39F7400F1D489;
			productRefGroup = D31ACD451FC39F7400F1D489 /* Products */;
			projectDirPath = "";
			projectRoot = "";
			targets = (
				D31ACD431FC39F7400F1D489 /* MultiSection */,
				D31ACD5B1FC39F7400F1D489 /* MultiSectionTests */,
				D31ACD661FC39F7400F1D489 /* MultiSectionUITests */,
			);
		};
/* End PBXProject section */

/* Begin PBXResourcesBuildPhase section */
		D31ACD421FC39F7400F1D489 /* Resources */ = {
			isa = PBXResourcesBuildPhase;
			buildActionMask = 2147483647;
			files = (
				D31ACD541FC39F7400F1D489 /* LaunchScreen.storyboard in Resources */,
				D31ACD511FC39F7400F1D489 /* Assets.xcassets in Resources */,
			);
			runOnlyForDeploymentPostprocessing = 0;
		};
		D31ACD5A1FC39F7400F1D489 /* Resources */ = {
			isa = PBXResourcesBuildPhase;
			buildActionMask = 2147483647;
			files = (
			);
			runOnlyForDeploymentPostprocessing = 0;
		};
		D31ACD651FC39F7400F1D489 /* Resources */ = {
			isa = PBXResourcesBuildPhase;
			buildActionMask = 2147483647;
			files = (
			);
			runOnlyForDeploymentPostprocessing = 0;
		};
/* End PBXResourcesBuildPhase section */

/* Begin PBXShellScriptBuildPhase section */
		D3F6A7651FC3A3BC003E5CD0 /* ShellScript */ = {
			isa = PBXShellScriptBuildPhase;
			buildActionMask = 2147483647;
			files = (
			);
			inputPaths = (
				"$(SRCROOT)/Carthage/Build/iOS/Realm.framework",
			);
			outputPaths = (
			);
			runOnlyForDeploymentPostprocessing = 0;
			shellPath = /bin/sh;
			shellScript = "/usr/local/bin/carthage copy-frameworks";
		};
/* End PBXShellScriptBuildPhase section */

/* Begin PBXSourcesBuildPhase section */
		D31ACD401FC39F7400F1D489 /* Sources */ = {
			isa = PBXSourcesBuildPhase;
			buildActionMask = 2147483647;
			files = (
				D3DC283F1FC4392F00A7E81F /* Group.swift in Sources */,
				D3DC28371FC4326500A7E81F /* AppDelegate.swift in Sources */,
				D3DC27F51FC4116500A7E81F /* TableSectionCollection.swift in Sources */,
				D3DC27F31FC40D0F00A7E81F /* TableSection.swift in Sources */,
				D33B5D911FC45BAE0035780C /* RealmUtility.swift in Sources */,
				D3DC283D1FC4391600A7E81F /* FavoriteGroupsSection.swift in Sources */,
				D33B5D951FC4E25A0035780C /* AllClassesSection.swift in Sources */,
				D3F6A7F81FC40675003E5CD0 /* GroupSection.swift in Sources */,
				D3DC27FB1FC4278300A7E81F /* ViewController.swift in Sources */,
				D3DC283B1FC4347300A7E81F /* CustomSection.swift in Sources */,
				D33B5D931FC4B9B40035780C /* VariedHeightSection.swift in Sources */,
				D3DC27F91FC425EE00A7E81F /* AddButtonSection.swift in Sources */,
			);
			runOnlyForDeploymentPostprocessing = 0;
		};
		D31ACD581FC39F7400F1D489 /* Sources */ = {
			isa = PBXSourcesBuildPhase;
			buildActionMask = 2147483647;
			files = (
				D31ACD611FC39F7400F1D489 /* MultiSectionTests.m in Sources */,
			);
			runOnlyForDeploymentPostprocessing = 0;
		};
		D31ACD631FC39F7400F1D489 /* Sources */ = {
			isa = PBXSourcesBuildPhase;
			buildActionMask = 2147483647;
			files = (
				D31ACD6C1FC39F7400F1D489 /* MultiSectionUITests.m in Sources */,
			);
			runOnlyForDeploymentPostprocessing = 0;
		};
/* End PBXSourcesBuildPhase section */

/* Begin PBXTargetDependency section */
		D31ACD5E1FC39F7400F1D489 /* PBXTargetDependency */ = {
			isa = PBXTargetDependency;
			target = D31ACD431FC39F7400F1D489 /* MultiSection */;
			targetProxy = D31ACD5D1FC39F7400F1D489 /* PBXContainerItemProxy */;
		};
		D31ACD691FC39F7400F1D489 /* PBXTargetDependency */ = {
			isa = PBXTargetDependency;
			target = D31ACD431FC39F7400F1D489 /* MultiSection */;
			targetProxy = D31ACD681FC39F7400F1D489 /* PBXContainerItemProxy */;
		};
/* End PBXTargetDependency section */

/* Begin PBXVariantGroup section */
		D31ACD521FC39F7400F1D489 /* LaunchScreen.storyboard */ = {
			isa = PBXVariantGroup;
			children = (
				D31ACD531FC39F7400F1D489 /* Base */,
			);
			name = LaunchScreen.storyboard;
			sourceTree = "<group>";
		};
/* End PBXVariantGroup section */

/* Begin XCBuildConfiguration section */
		D31ACD6E1FC39F7400F1D489 /* Debug */ = {
			isa = XCBuildConfiguration;
			buildSettings = {
				ALWAYS_SEARCH_USER_PATHS = NO;
				CLANG_ANALYZER_NONNULL = YES;
				CLANG_ANALYZER_NUMBER_OBJECT_CONVERSION = YES_AGGRESSIVE;
				CLANG_CXX_LANGUAGE_STANDARD = "gnu++14";
				CLANG_CXX_LIBRARY = "libc++";
				CLANG_ENABLE_MODULES = YES;
				CLANG_ENABLE_OBJC_ARC = YES;
				CLANG_WARN_BLOCK_CAPTURE_AUTORELEASING = YES;
				CLANG_WARN_BOOL_CONVERSION = YES;
				CLANG_WARN_COMMA = YES;
				CLANG_WARN_CONSTANT_CONVERSION = YES;
				CLANG_WARN_DIRECT_OBJC_ISA_USAGE = YES_ERROR;
				CLANG_WARN_DOCUMENTATION_COMMENTS = YES;
				CLANG_WARN_EMPTY_BODY = YES;
				CLANG_WARN_ENUM_CONVERSION = YES;
				CLANG_WARN_INFINITE_RECURSION = YES;
				CLANG_WARN_INT_CONVERSION = YES;
				CLANG_WARN_NON_LITERAL_NULL_CONVERSION = YES;
				CLANG_WARN_OBJC_LITERAL_CONVERSION = YES;
				CLANG_WARN_OBJC_ROOT_CLASS = YES_ERROR;
				CLANG_WARN_RANGE_LOOP_ANALYSIS = YES;
				CLANG_WARN_STRICT_PROTOTYPES = YES;
				CLANG_WARN_SUSPICIOUS_MOVE = YES;
				CLANG_WARN_UNGUARDED_AVAILABILITY = YES_AGGRESSIVE;
				CLANG_WARN_UNREACHABLE_CODE = YES;
				CLANG_WARN__DUPLICATE_METHOD_MATCH = YES;
				CODE_SIGN_IDENTITY = "iPhone Developer";
				COPY_PHASE_STRIP = NO;
				DEBUG_INFORMATION_FORMAT = dwarf;
				ENABLE_STRICT_OBJC_MSGSEND = YES;
				ENABLE_TESTABILITY = YES;
				GCC_C_LANGUAGE_STANDARD = gnu11;
				GCC_DYNAMIC_NO_PIC = NO;
				GCC_NO_COMMON_BLOCKS = YES;
				GCC_OPTIMIZATION_LEVEL = 0;
				GCC_PREPROCESSOR_DEFINITIONS = (
					"DEBUG=1",
					"$(inherited)",
				);
				GCC_WARN_64_TO_32_BIT_CONVERSION = YES;
				GCC_WARN_ABOUT_RETURN_TYPE = YES_ERROR;
				GCC_WARN_UNDECLARED_SELECTOR = YES;
				GCC_WARN_UNINITIALIZED_AUTOS = YES_AGGRESSIVE;
				GCC_WARN_UNUSED_FUNCTION = YES;
				GCC_WARN_UNUSED_VARIABLE = YES;
				IPHONEOS_DEPLOYMENT_TARGET = 11.2;
				MTL_ENABLE_DEBUG_INFO = YES;
				ONLY_ACTIVE_ARCH = YES;
				SDKROOT = iphoneos;
			};
			name = Debug;
		};
		D31ACD6F1FC39F7400F1D489 /* Release */ = {
			isa = XCBuildConfiguration;
			buildSettings = {
				ALWAYS_SEARCH_USER_PATHS = NO;
				CLANG_ANALYZER_NONNULL = YES;
				CLANG_ANALYZER_NUMBER_OBJECT_CONVERSION = YES_AGGRESSIVE;
				CLANG_CXX_LANGUAGE_STANDARD = "gnu++14";
				CLANG_CXX_LIBRARY = "libc++";
				CLANG_ENABLE_MODULES = YES;
				CLANG_ENABLE_OBJC_ARC = YES;
				CLANG_WARN_BLOCK_CAPTURE_AUTORELEASING = YES;
				CLANG_WARN_BOOL_CONVERSION = YES;
				CLANG_WARN_COMMA = YES;
				CLANG_WARN_CONSTANT_CONVERSION = YES;
				CLANG_WARN_DIRECT_OBJC_ISA_USAGE = YES_ERROR;
				CLANG_WARN_DOCUMENTATION_COMMENTS = YES;
				CLANG_WARN_EMPTY_BODY = YES;
				CLANG_WARN_ENUM_CONVERSION = YES;
				CLANG_WARN_INFINITE_RECURSION = YES;
				CLANG_WARN_INT_CONVERSION = YES;
				CLANG_WARN_NON_LITERAL_NULL_CONVERSION = YES;
				CLANG_WARN_OBJC_LITERAL_CONVERSION = YES;
				CLANG_WARN_OBJC_ROOT_CLASS = YES_ERROR;
				CLANG_WARN_RANGE_LOOP_ANALYSIS = YES;
				CLANG_WARN_STRICT_PROTOTYPES = YES;
				CLANG_WARN_SUSPICIOUS_MOVE = YES;
				CLANG_WARN_UNGUARDED_AVAILABILITY = YES_AGGRESSIVE;
				CLANG_WARN_UNREACHABLE_CODE = YES;
				CLANG_WARN__DUPLICATE_METHOD_MATCH = YES;
				CODE_SIGN_IDENTITY = "iPhone Developer";
				COPY_PHASE_STRIP = NO;
				DEBUG_INFORMATION_FORMAT = "dwarf-with-dsym";
				ENABLE_NS_ASSERTIONS = NO;
				ENABLE_STRICT_OBJC_MSGSEND = YES;
				GCC_C_LANGUAGE_STANDARD = gnu11;
				GCC_NO_COMMON_BLOCKS = YES;
				GCC_WARN_64_TO_32_BIT_CONVERSION = YES;
				GCC_WARN_ABOUT_RETURN_TYPE = YES_ERROR;
				GCC_WARN_UNDECLARED_SELECTOR = YES;
				GCC_WARN_UNINITIALIZED_AUTOS = YES_AGGRESSIVE;
				GCC_WARN_UNUSED_FUNCTION = YES;
				GCC_WARN_UNUSED_VARIABLE = YES;
				IPHONEOS_DEPLOYMENT_TARGET = 11.2;
				MTL_ENABLE_DEBUG_INFO = NO;
				SDKROOT = iphoneos;
				VALIDATE_PRODUCT = YES;
			};
			name = Release;
		};
		D31ACD711FC39F7400F1D489 /* Debug */ = {
			isa = XCBuildConfiguration;
			buildSettings = {
				ASSETCATALOG_COMPILER_APPICON_NAME = AppIcon;
				CLANG_ENABLE_MODULES = YES;
				"CODE_SIGN_IDENTITY[sdk=iphoneos*]" = "iPhone Developer";
				CODE_SIGN_STYLE = Automatic;
				DEVELOPMENT_TEAM = V9RH239UZW;
				FRAMEWORK_SEARCH_PATHS = (
					"$(inherited)",
					"$(PROJECT_DIR)/Carthage/Build/iOS",
				);
				INFOPLIST_FILE = MultiSection/Info.plist;
				LD_RUNPATH_SEARCH_PATHS = "$(inherited) @executable_path/Frameworks";
				PRODUCT_BUNDLE_IDENTIFIER = com.phil.MultiSection;
				PRODUCT_NAME = "$(TARGET_NAME)";
				PROVISIONING_PROFILE_SPECIFIER = "";
				SWIFT_OPTIMIZATION_LEVEL = "-Onone";
				SWIFT_VERSION = 3.0;
				TARGETED_DEVICE_FAMILY = "1,2";
			};
			name = Debug;
		};
		D31ACD721FC39F7400F1D489 /* Release */ = {
			isa = XCBuildConfiguration;
			buildSettings = {
				ASSETCATALOG_COMPILER_APPICON_NAME = AppIcon;
				CLANG_ENABLE_MODULES = YES;
				"CODE_SIGN_IDENTITY[sdk=iphoneos*]" = "iPhone Developer";
				CODE_SIGN_STYLE = Automatic;
				DEVELOPMENT_TEAM = V9RH239UZW;
				FRAMEWORK_SEARCH_PATHS = (
					"$(inherited)",
					"$(PROJECT_DIR)/Carthage/Build/iOS",
				);
				INFOPLIST_FILE = MultiSection/Info.plist;
				LD_RUNPATH_SEARCH_PATHS = "$(inherited) @executable_path/Frameworks";
				PRODUCT_BUNDLE_IDENTIFIER = com.phil.MultiSection;
				PRODUCT_NAME = "$(TARGET_NAME)";
				PROVISIONING_PROFILE_SPECIFIER = "";
				SWIFT_VERSION = 3.0;
				TARGETED_DEVICE_FAMILY = "1,2";
			};
			name = Release;
		};
		D31ACD741FC39F7400F1D489 /* Debug */ = {
			isa = XCBuildConfiguration;
			buildSettings = {
				ALWAYS_EMBED_SWIFT_STANDARD_LIBRARIES = YES;
				BUNDLE_LOADER = "$(TEST_HOST)";
				CODE_SIGN_STYLE = Automatic;
				DEVELOPMENT_TEAM = V9RH239UZW;
				INFOPLIST_FILE = MultiSectionTests/Info.plist;
				LD_RUNPATH_SEARCH_PATHS = "$(inherited) @executable_path/Frameworks @loader_path/Frameworks";
				PRODUCT_BUNDLE_IDENTIFIER = com.phil.MultiSectionTests;
				PRODUCT_NAME = "$(TARGET_NAME)";
				TARGETED_DEVICE_FAMILY = "1,2";
				TEST_HOST = "$(BUILT_PRODUCTS_DIR)/MultiSection.app/MultiSection";
			};
			name = Debug;
		};
		D31ACD751FC39F7400F1D489 /* Release */ = {
			isa = XCBuildConfiguration;
			buildSettings = {
				ALWAYS_EMBED_SWIFT_STANDARD_LIBRARIES = YES;
				BUNDLE_LOADER = "$(TEST_HOST)";
				CODE_SIGN_STYLE = Automatic;
				DEVELOPMENT_TEAM = V9RH239UZW;
				INFOPLIST_FILE = MultiSectionTests/Info.plist;
				LD_RUNPATH_SEARCH_PATHS = "$(inherited) @executable_path/Frameworks @loader_path/Frameworks";
				PRODUCT_BUNDLE_IDENTIFIER = com.phil.MultiSectionTests;
				PRODUCT_NAME = "$(TARGET_NAME)";
				TARGETED_DEVICE_FAMILY = "1,2";
				TEST_HOST = "$(BUILT_PRODUCTS_DIR)/MultiSection.app/MultiSection";
			};
			name = Release;
		};
		D31ACD771FC39F7400F1D489 /* Debug */ = {
			isa = XCBuildConfiguration;
			buildSettings = {
				ALWAYS_EMBED_SWIFT_STANDARD_LIBRARIES = YES;
				CODE_SIGN_STYLE = Automatic;
				DEVELOPMENT_TEAM = V9RH239UZW;
				INFOPLIST_FILE = MultiSectionUITests/Info.plist;
				LD_RUNPATH_SEARCH_PATHS = "$(inherited) @executable_path/Frameworks @loader_path/Frameworks";
				PRODUCT_BUNDLE_IDENTIFIER = com.phil.MultiSectionUITests;
				PRODUCT_NAME = "$(TARGET_NAME)";
				TARGETED_DEVICE_FAMILY = "1,2";
				TEST_TARGET_NAME = MultiSection;
			};
			name = Debug;
		};
		D31ACD781FC39F7400F1D489 /* Release */ = {
			isa = XCBuildConfiguration;
			buildSettings = {
				ALWAYS_EMBED_SWIFT_STANDARD_LIBRARIES = YES;
				CODE_SIGN_STYLE = Automatic;
				DEVELOPMENT_TEAM = V9RH239UZW;
				INFOPLIST_FILE = MultiSectionUITests/Info.plist;
				LD_RUNPATH_SEARCH_PATHS = "$(inherited) @executable_path/Frameworks @loader_path/Frameworks";
				PRODUCT_BUNDLE_IDENTIFIER = com.phil.MultiSectionUITests;
				PRODUCT_NAME = "$(TARGET_NAME)";
				TARGETED_DEVICE_FAMILY = "1,2";
				TEST_TARGET_NAME = MultiSection;
			};
			name = Release;
		};
/* End XCBuildConfiguration section */

/* Begin XCConfigurationList section */
		D31ACD3F1FC39F7400F1D489 /* Build configuration list for PBXProject "MultiSection" */ = {
			isa = XCConfigurationList;
			buildConfigurations = (
				D31ACD6E1FC39F7400F1D489 /* Debug */,
				D31ACD6F1FC39F7400F1D489 /* Release */,
			);
			defaultConfigurationIsVisible = 0;
			defaultConfigurationName = Release;
		};
		D31ACD701FC39F7400F1D489 /* Build configuration list for PBXNativeTarget "MultiSection" */ = {
			isa = XCConfigurationList;
			buildConfigurations = (
				D31ACD711FC39F7400F1D489 /* Debug */,
				D31ACD721FC39F7400F1D489 /* Release */,
			);
			defaultConfigurationIsVisible = 0;
			defaultConfigurationName = Release;
		};
		D31ACD731FC39F7400F1D489 /* Build configuration list for PBXNativeTarget "MultiSectionTests" */ = {
			isa = XCConfigurationList;
			buildConfigurations = (
				D31ACD741FC39F7400F1D489 /* Debug */,
				D31ACD751FC39F7400F1D489 /* Release */,
			);
			defaultConfigurationIsVisible = 0;
			defaultConfigurationName = Release;
		};
		D31ACD761FC39F7400F1D489 /* Build configuration list for PBXNativeTarget "MultiSectionUITests" */ = {
			isa = XCConfigurationList;
			buildConfigurations = (
				D31ACD771FC39F7400F1D489 /* Debug */,
				D31ACD781FC39F7400F1D489 /* Release */,
			);
			defaultConfigurationIsVisible = 0;
			defaultConfigurationName = Release;
		};
/* End XCConfigurationList section */
	};
	rootObject = D31ACD3C1FC39F7400F1D489 /* Project object */;
}
